// !$*UTF8*$!
{
	archiveVersion = 1;
	classes = {
	};
	objectVersion = 50;
	objects = {

/* Begin PBXBuildFile section */
		DA31FF0623FD5AE80088C9BC /* UICollectionViewCompositionalLayout+.swift in Sources */ = {isa = PBXBuildFile; fileRef = DA31FF0523FD5AE80088C9BC /* UICollectionViewCompositionalLayout+.swift */; };
		DA31FF0823FD5F190088C9BC /* NSCollectionLayoutSection+.swift in Sources */ = {isa = PBXBuildFile; fileRef = DA31FF0723FD5F190088C9BC /* NSCollectionLayoutSection+.swift */; };
		DAABD7AC23FBF19700FC0CBB /* AppDelegate.swift in Sources */ = {isa = PBXBuildFile; fileRef = DAABD7AB23FBF19700FC0CBB /* AppDelegate.swift */; };
		DAABD7AE23FBF19700FC0CBB /* SceneDelegate.swift in Sources */ = {isa = PBXBuildFile; fileRef = DAABD7AD23FBF19700FC0CBB /* SceneDelegate.swift */; };
		DAABD7B023FBF19700FC0CBB /* ViewController.swift in Sources */ = {isa = PBXBuildFile; fileRef = DAABD7AF23FBF19700FC0CBB /* ViewController.swift */; };
		DAABD7B323FBF19700FC0CBB /* Main.storyboard in Resources */ = {isa = PBXBuildFile; fileRef = DAABD7B123FBF19700FC0CBB /* Main.storyboard */; };
		DAABD7B523FBF19B00FC0CBB /* Assets.xcassets in Resources */ = {isa = PBXBuildFile; fileRef = DAABD7B423FBF19B00FC0CBB /* Assets.xcassets */; };
		DAABD7B823FBF19B00FC0CBB /* LaunchScreen.storyboard in Resources */ = {isa = PBXBuildFile; fileRef = DAABD7B623FBF19B00FC0CBB /* LaunchScreen.storyboard */; };
		DAABD7C223FBF91300FC0CBB /* CustomCell.swift in Sources */ = {isa = PBXBuildFile; fileRef = DAABD7C023FBF91300FC0CBB /* CustomCell.swift */; };
		DAABD7C323FBF91300FC0CBB /* CustomCell.xib in Resources */ = {isa = PBXBuildFile; fileRef = DAABD7C123FBF91300FC0CBB /* CustomCell.xib */; };
/* End PBXBuildFile section */

/* Begin PBXFileReference section */
		DA31FF0523FD5AE80088C9BC /* UICollectionViewCompositionalLayout+.swift */ = {isa = PBXFileReference; lastKnownFileType = sourcecode.swift; path = "UICollectionViewCompositionalLayout+.swift"; sourceTree = "<group>"; };
		DA31FF0723FD5F190088C9BC /* NSCollectionLayoutSection+.swift */ = {isa = PBXFileReference; lastKnownFileType = sourcecode.swift; path = "NSCollectionLayoutSection+.swift"; sourceTree = "<group>"; };
		DAABD7A823FBF19700FC0CBB /* UICollectionViewCompositionalLayoutSample.app */ = {isa = PBXFileReference; explicitFileType = wrapper.application; includeInIndex = 0; path = UICollectionViewCompositionalLayoutSample.app; sourceTree = BUILT_PRODUCTS_DIR; };
		DAABD7AB23FBF19700FC0CBB /* AppDelegate.swift */ = {isa = PBXFileReference; lastKnownFileType = sourcecode.swift; path = AppDelegate.swift; sourceTree = "<group>"; };
		DAABD7AD23FBF19700FC0CBB /* SceneDelegate.swift */ = {isa = PBXFileReference; lastKnownFileType = sourcecode.swift; path = SceneDelegate.swift; sourceTree = "<group>"; };
		DAABD7AF23FBF19700FC0CBB /* ViewController.swift */ = {isa = PBXFileReference; lastKnownFileType = sourcecode.swift; path = ViewController.swift; sourceTree = "<group>"; };
		DAABD7B223FBF19700FC0CBB /* Base */ = {isa = PBXFileReference; lastKnownFileType = file.storyboard; name = Base; path = Base.lproj/Main.storyboard; sourceTree = "<group>"; };
		DAABD7B423FBF19B00FC0CBB /* Assets.xcassets */ = {isa = PBXFileReference; lastKnownFileType = folder.assetcatalog; path = Assets.xcassets; sourceTree = "<group>"; };
		DAABD7B723FBF19B00FC0CBB /* Base */ = {isa = PBXFileReference; lastKnownFileType = file.storyboard; name = Base; path = Base.lproj/LaunchScreen.storyboard; sourceTree = "<group>"; };
		DAABD7B923FBF19B00FC0CBB /* Info.plist */ = {isa = PBXFileReference; lastKnownFileType = text.plist.xml; path = Info.plist; sourceTree = "<group>"; };
		DAABD7C023FBF91300FC0CBB /* CustomCell.swift */ = {isa = PBXFileReference; lastKnownFileType = sourcecode.swift; path = CustomCell.swift; sourceTree = "<group>"; };
		DAABD7C123FBF91300FC0CBB /* CustomCell.xib */ = {isa = PBXFileReference; lastKnownFileType = file.xib; path = CustomCell.xib; sourceTree = "<group>"; };
/* End PBXFileReference section */

/* Begin PBXFrameworksBuildPhase section */
		DAABD7A523FBF19700FC0CBB /* Frameworks */ = {
			isa = PBXFrameworksBuildPhase;
			buildActionMask = 2147483647;
			files = (
			);
			runOnlyForDeploymentPostprocessing = 0;
		};
/* End PBXFrameworksBuildPhase section */

/* Begin PBXGroup section */
		DAABD79F23FBF19700FC0CBB = {
			isa = PBXGroup;
			children = (
				DAABD7AA23FBF19700FC0CBB /* UICollectionViewCompositionalLayoutSample */,
				DAABD7A923FBF19700FC0CBB /* Products */,
			);
			sourceTree = "<group>";
		};
		DAABD7A923FBF19700FC0CBB /* Products */ = {
			isa = PBXGroup;
			children = (
				DAABD7A823FBF19700FC0CBB /* UICollectionViewCompositionalLayoutSample.app */,
			);
			name = Products;
			sourceTree = "<group>";
		};
		DAABD7AA23FBF19700FC0CBB /* UICollectionViewCompositionalLayoutSample */ = {
			isa = PBXGroup;
			children = (
				DAABD7AB23FBF19700FC0CBB /* AppDelegate.swift */,
				DAABD7AD23FBF19700FC0CBB /* SceneDelegate.swift */,
				DAABD7AF23FBF19700FC0CBB /* ViewController.swift */,
				DA31FF0523FD5AE80088C9BC /* UICollectionViewCompositionalLayout+.swift */,
				DA31FF0723FD5F190088C9BC /* NSCollectionLayoutSection+.swift */,
				DAABD7C023FBF91300FC0CBB /* CustomCell.swift */,
				DAABD7C123FBF91300FC0CBB /* CustomCell.xib */,
				DAABD7B123FBF19700FC0CBB /* Main.storyboard */,
				DAABD7B423FBF19B00FC0CBB /* Assets.xcassets */,
				DAABD7B623FBF19B00FC0CBB /* LaunchScreen.storyboard */,
				DAABD7B923FBF19B00FC0CBB /* Info.plist */,
			);
			path = UICollectionViewCompositionalLayoutSample;
			sourceTree = "<group>";
		};
/* End PBXGroup section */

/* Begin PBXNativeTarget section */
		DAABD7A723FBF19700FC0CBB /* UICollectionViewCompositionalLayoutSample */ = {
			isa = PBXNativeTarget;
			buildConfigurationList = DAABD7BC23FBF19B00FC0CBB /* Build configuration list for PBXNativeTarget "UICollectionViewCompositionalLayoutSample" */;
			buildPhases = (
				DAABD7A423FBF19700FC0CBB /* Sources */,
				DAABD7A523FBF19700FC0CBB /* Frameworks */,
				DAABD7A623FBF19700FC0CBB /* Resources */,
			);
			buildRules = (
			);
			dependencies = (
			);
			name = UICollectionViewCompositionalLayoutSample;
			productName = UICollectionViewCompositionalLayoutSample;
			productReference = DAABD7A823FBF19700FC0CBB /* UICollectionViewCompositionalLayoutSample.app */;
			productType = "com.apple.product-type.application";
		};
/* End PBXNativeTarget section */

/* Begin PBXProject section */
		DAABD7A023FBF19700FC0CBB /* Project object */ = {
			isa = PBXProject;
			attributes = {
				LastSwiftUpdateCheck = 1130;
				LastUpgradeCheck = 1130;
				ORGANIZATIONNAME = "Shota Nakagami";
				TargetAttributes = {
					DAABD7A723FBF19700FC0CBB = {
						CreatedOnToolsVersion = 11.3;
					};
				};
			};
			buildConfigurationList = DAABD7A323FBF19700FC0CBB /* Build configuration list for PBXProject "UICollectionViewCompositionalLayoutSample" */;
			compatibilityVersion = "Xcode 9.3";
			developmentRegion = en;
			hasScannedForEncodings = 0;
			knownRegions = (
				en,
				Base,
			);
			mainGroup = DAABD79F23FBF19700FC0CBB;
			productRefGroup = DAABD7A923FBF19700FC0CBB /* Products */;
			projectDirPath = "";
			projectRoot = "";
			targets = (
				DAABD7A723FBF19700FC0CBB /* UICollectionViewCompositionalLayoutSample */,
			);
		};
/* End PBXProject section */

/* Begin PBXResourcesBuildPhase section */
		DAABD7A623FBF19700FC0CBB /* Resources */ = {
			isa = PBXResourcesBuildPhase;
			buildActionMask = 2147483647;
			files = (
				DAABD7B823FBF19B00FC0CBB /* LaunchScreen.storyboard in Resources */,
				DAABD7B523FBF19B00FC0CBB /* Assets.xcassets in Resources */,
				DAABD7C323FBF91300FC0CBB /* CustomCell.xib in Resources */,
				DAABD7B323FBF19700FC0CBB /* Main.storyboard in Resources */,
			);
			runOnlyForDeploymentPostprocessing = 0;
		};
/* End PBXResourcesBuildPhase section */

/* Begin PBXSourcesBuildPhase section */
		DAABD7A423FBF19700FC0CBB /* Sources */ = {
			isa = PBXSourcesBuildPhase;
			buildActionMask = 2147483647;
			files = (
				DAABD7B023FBF19700FC0CBB /* ViewController.swift in Sources */,
				DA31FF0623FD5AE80088C9BC /* UICollectionViewCompositionalLayout+.swift in Sources */,
				DA31FF0823FD5F190088C9BC /* NSCollectionLayoutSection+.swift in Sources */,
				DAABD7AC23FBF19700FC0CBB /* AppDelegate.swift in Sources */,
				DAABD7C223FBF91300FC0CBB /* CustomCell.swift in Sources */,
				DAABD7AE23FBF19700FC0CBB /* SceneDelegate.swift in Sources */,
			);
			runOnlyForDeploymentPostprocessing = 0;
		};
/* End PBXSourcesBuildPhase section */

/* Begin PBXVariantGroup section */
		DAABD7B123FBF19700FC0CBB /* Main.storyboard */ = {
			isa = PBXVariantGroup;
			children = (
				DAABD7B223FBF19700FC0CBB /* Base */,
			);
			name = Main.storyboard;
			sourceTree = "<group>";
		};
		DAABD7B623FBF19B00FC0CBB /* LaunchScreen.storyboard */ = {
			isa = PBXVariantGroup;
			children = (
				DAABD7B723FBF19B00FC0CBB /* Base */,
			);
			name = LaunchScreen.storyboard;
			sourceTree = "<group>";
		};
/* End PBXVariantGroup section */

/* Begin XCBuildConfiguration section */
		DAABD7BA23FBF19B00FC0CBB /* Debug */ = {
			isa = XCBuildConfiguration;
			buildSettings = {
				ALWAYS_SEARCH_USER_PATHS = NO;
				CLANG_ANALYZER_NONNULL = YES;
				CLANG_ANALYZER_NUMBER_OBJECT_CONVERSION = YES_AGGRESSIVE;
				CLANG_CXX_LANGUAGE_STANDARD = "gnu++14";
				CLANG_CXX_LIBRARY = "libc++";
				CLANG_ENABLE_MODULES = YES;
				CLANG_ENABLE_OBJC_ARC = YES;
				CLANG_ENABLE_OBJC_WEAK = YES;
				CLANG_WARN_BLOCK_CAPTURE_AUTORELEASING = YES;
				CLANG_WARN_BOOL_CONVERSION = YES;
				CLANG_WARN_COMMA = YES;
				CLANG_WARN_CONSTANT_CONVERSION = YES;
				CLANG_WARN_DEPRECATED_OBJC_IMPLEMENTATIONS = YES;
				CLANG_WARN_DIRECT_OBJC_ISA_USAGE = YES_ERROR;
				CLANG_WARN_DOCUMENTATION_COMMENTS = YES;
				CLANG_WARN_EMPTY_BODY = YES;
				CLANG_WARN_ENUM_CONVERSION = YES;
				CLANG_WARN_INFINITE_RECURSION = YES;
				CLANG_WARN_INT_CONVERSION = YES;
				CLANG_WARN_NON_LITERAL_NULL_CONVERSION = YES;
				CLANG_WARN_OBJC_IMPLICIT_RETAIN_SELF = YES;
				CLANG_WARN_OBJC_LITERAL_CONVERSION = YES;
				CLANG_WARN_OBJC_ROOT_CLASS = YES_ERROR;
				CLANG_WARN_RANGE_LOOP_ANALYSIS = YES;
				CLANG_WARN_STRICT_PROTOTYPES = YES;
				CLANG_WARN_SUSPICIOUS_MOVE = YES;
				CLANG_WARN_UNGUARDED_AVAILABILITY = YES_AGGRESSIVE;
				CLANG_WARN_UNREACHABLE_CODE = YES;
				CLANG_WARN__DUPLICATE_METHOD_MATCH = YES;
				COPY_PHASE_STRIP = NO;
				DEBUG_INFORMATION_FORMAT = dwarf;
				ENABLE_STRICT_OBJC_MSGSEND = YES;
				ENABLE_TESTABILITY = YES;
				GCC_C_LANGUAGE_STANDARD = gnu11;
				GCC_DYNAMIC_NO_PIC = NO;
				GCC_NO_COMMON_BLOCKS = YES;
				GCC_OPTIMIZATION_LEVEL = 0;
				GCC_PREPROCESSOR_DEFINITIONS = (
					"DEBUG=1",
					"$(inherited)",
				);
				GCC_WARN_64_TO_32_BIT_CONVERSION = YES;
				GCC_WARN_ABOUT_RETURN_TYPE = YES_ERROR;
				GCC_WARN_UNDECLARED_SELECTOR = YES;
				GCC_WARN_UNINITIALIZED_AUTOS = YES_AGGRESSIVE;
				GCC_WARN_UNUSED_FUNCTION = YES;
				GCC_WARN_UNUSED_VARIABLE = YES;
				IPHONEOS_DEPLOYMENT_TARGET = 13.2;
				MTL_ENABLE_DEBUG_INFO = INCLUDE_SOURCE;
				MTL_FAST_MATH = YES;
				ONLY_ACTIVE_ARCH = YES;
				SDKROOT = iphoneos;
				SWIFT_ACTIVE_COMPILATION_CONDITIONS = DEBUG;
				SWIFT_OPTIMIZATION_LEVEL = "-Onone";
			};
			name = Debug;
		};
		DAABD7BB23FBF19B00FC0CBB /* Release */ = {
			isa = XCBuildConfiguration;
			buildSettings = {
				ALWAYS_SEARCH_USER_PATHS = NO;
				CLANG_ANALYZER_NONNULL = YES;
				CLANG_ANALYZER_NUMBER_OBJECT_CONVERSION = YES_AGGRESSIVE;
				CLANG_CXX_LANGUAGE_STANDARD = "gnu++14";
				CLANG_CXX_LIBRARY = "libc++";
				CLANG_ENABLE_MODULES = YES;
				CLANG_ENABLE_OBJC_ARC = YES;
				CLANG_ENABLE_OBJC_WEAK = YES;
				CLANG_WARN_BLOCK_CAPTURE_AUTORELEASING = YES;
				CLANG_WARN_BOOL_CONVERSION = YES;
				CLANG_WARN_COMMA = YES;
				CLANG_WARN_CONSTANT_CONVERSION = YES;
				CLANG_WARN_DEPRECATED_OBJC_IMPLEMENTATIONS = YES;
				CLANG_WARN_DIRECT_OBJC_ISA_USAGE = YES_ERROR;
				CLANG_WARN_DOCUMENTATION_COMMENTS = YES;
				CLANG_WARN_EMPTY_BODY = YES;
				CLANG_WARN_ENUM_CONVERSION = YES;
				CLANG_WARN_INFINITE_RECURSION = YES;
				CLANG_WARN_INT_CONVERSION = YES;
				CLANG_WARN_NON_LITERAL_NULL_CONVERSION = YES;
				CLANG_WARN_OBJC_IMPLICIT_RETAIN_SELF = YES;
				CLANG_WARN_OBJC_LITERAL_CONVERSION = YES;
				CLANG_WARN_OBJC_ROOT_CLASS = YES_ERROR;
				CLANG_WARN_RANGE_LOOP_ANALYSIS = YES;
				CLANG_WARN_STRICT_PROTOTYPES = YES;
				CLANG_WARN_SUSPICIOUS_MOVE = YES;
				CLANG_WARN_UNGUARDED_AVAILABILITY = YES_AGGRESSIVE;
				CLANG_WARN_UNREACHABLE_CODE = YES;
				CLANG_WARN__DUPLICATE_METHOD_MATCH = YES;
				COPY_PHASE_STRIP = NO;
				DEBUG_INFORMATION_FORMAT = "dwarf-with-dsym";
				ENABLE_NS_ASSERTIONS = NO;
				ENABLE_STRICT_OBJC_MSGSEND = YES;
				GCC_C_LANGUAGE_STANDARD = gnu11;
				GCC_NO_COMMON_BLOCKS = YES;
				GCC_WARN_64_TO_32_BIT_CONVERSION = YES;
				GCC_WARN_ABOUT_RETURN_TYPE = YES_ERROR;
				GCC_WARN_UNDECLARED_SELECTOR = YES;
				GCC_WARN_UNINITIALIZED_AUTOS = YES_AGGRESSIVE;
				GCC_WARN_UNUSED_FUNCTION = YES;
				GCC_WARN_UNUSED_VARIABLE = YES;
				IPHONEOS_DEPLOYMENT_TARGET = 13.2;
				MTL_ENABLE_DEBUG_INFO = NO;
				MTL_FAST_MATH = YES;
				SDKROOT = iphoneos;
				SWIFT_COMPILATION_MODE = wholemodule;
				SWIFT_OPTIMIZATION_LEVEL = "-O";
				VALIDATE_PRODUCT = YES;
			};
			name = Release;
		};
		DAABD7BD23FBF19B00FC0CBB /* Debug */ = {
			isa = XCBuildConfiguration;
			buildSettings = {
				ASSETCATALOG_COMPILER_APPICON_NAME = AppIcon;
				CODE_SIGN_STYLE = Automatic;
				INFOPLIST_FILE = UICollectionViewCompositionalLayoutSample/Info.plist;
				LD_RUNPATH_SEARCH_PATHS = (
					"$(inherited)",
					"@executable_path/Frameworks",
				);
				PRODUCT_BUNDLE_IDENTIFIER = com.shotanakagami.UICollectionViewCompositionalLayoutSample;
				PRODUCT_NAME = "$(TARGET_NAME)";
				SWIFT_VERSION = 5.0;
				TARGETED_DEVICE_FAMILY = "1,2";
			};
			name = Debug;
		};
		DAABD7BE23FBF19B00FC0CBB /* Release */ = {
			isa = XCBuildConfiguration;
			buildSettings = {
				ASSETCATALOG_COMPILER_APPICON_NAME = AppIcon;
				CODE_SIGN_STYLE = Automatic;
				INFOPLIST_FILE = UICollectionViewCompositionalLayoutSample/Info.plist;
				LD_RUNPATH_SEARCH_PATHS = (
					"$(inherited)",
					"@executable_path/Frameworks",
				);
				PRODUCT_BUNDLE_IDENTIFIER = com.shotanakagami.UICollectionViewCompositionalLayoutSample;
				PRODUCT_NAME = "$(TARGET_NAME)";
				SWIFT_VERSION = 5.0;
				TARGETED_DEVICE_FAMILY = "1,2";
			};
			name = Release;
		};
/* End XCBuildConfiguration section */

/* Begin XCConfigurationList section */
		DAABD7A323FBF19700FC0CBB /* Build configuration list for PBXProject "UICollectionViewCompositionalLayoutSample" */ = {
			isa = XCConfigurationList;
			buildConfigurations = (
				DAABD7BA23FBF19B00FC0CBB /* Debug */,
				DAABD7BB23FBF19B00FC0CBB /* Release */,
			);
			defaultConfigurationIsVisible = 0;
			defaultConfigurationName = Release;
		};
		DAABD7BC23FBF19B00FC0CBB /* Build configuration list for PBXNativeTarget "UICollectionViewCompositionalLayoutSample" */ = {
			isa = XCConfigurationList;
			buildConfigurations = (
				DAABD7BD23FBF19B00FC0CBB /* Debug */,
				DAABD7BE23FBF19B00FC0CBB /* Release */,
			);
			defaultConfigurationIsVisible = 0;
			defaultConfigurationName = Release;
		};
/* End XCConfigurationList section */
	};
	rootObject = DAABD7A023FBF19700FC0CBB /* Project object */;
}
